# This file is autogenerated, do not edit; changes may be undone by the next 'dep ensure'.


[[projects]]
  branch = "master"
  name = "github.com/kardianos/osext"
  packages = ["."]
  revision = "ae77be60afb1dcacde03767a8c37337fad28ac14"

[[projects]]
  branch = "master"
  name = "github.com/kardianos/service"
  packages = ["."]
  revision = "615a14ed75099c9eaac6949e22ac2341bf9d3197"

[[projects]]
  branch = "master"
  name = "golang.org/x/sys"
  packages = [
    "windows",
    "windows/registry",
    "windows/svc",
    "windows/svc/eventlog",
    "windows/svc/mgr"
  ]
  revision = "b126b21c05a91c856b027c16779c12e3bf236954"

[[projects]]
  branch = "master"
  name = "golang.org/x/tools"
  packages = [
    "go/ast/astutil",
    "go/ssa",
    "go/types/typeutil"
  ]
  revision = "94b14834a20132093826ea5e2da5502a13908ad3"

[solve-meta]
  analyzer-name = "dep"
  analyzer-version = 1
  inputs-digest = "60d5da9ecea467b6c21e6b6cf9c9bcc9c7f89044928edf38c7da5c4a20187ea4"
  solver-name = "gps-cdcl"
  solver-version = 1
